// !$*UTF8*$!
{
	archiveVersion = 1;
	classes = {
	};
	objectVersion = 46;
	objects = {

/* Begin PBXBuildFile section */
		298622631E85AC80004FBA4D /* AppDelegate.swift in Sources */ = {isa = PBXBuildFile; fileRef = 298622621E85AC80004FBA4D /* AppDelegate.swift */; };
		298622681E85AC80004FBA4D /* Main.storyboard in Resources */ = {isa = PBXBuildFile; fileRef = 298622661E85AC80004FBA4D /* Main.storyboard */; };
		2986226B1E85AC80004FBA4D /* queRule.xcdatamodeld in Sources */ = {isa = PBXBuildFile; fileRef = 298622691E85AC80004FBA4D /* queRule.xcdatamodeld */; };
		2986226D1E85AC80004FBA4D /* Assets.xcassets in Resources */ = {isa = PBXBuildFile; fileRef = 2986226C1E85AC80004FBA4D /* Assets.xcassets */; };
		298622701E85AC80004FBA4D /* LaunchScreen.storyboard in Resources */ = {isa = PBXBuildFile; fileRef = 2986226E1E85AC80004FBA4D /* LaunchScreen.storyboard */; };
		298622781E85B54F004FBA4D /* GamesViewController.swift in Sources */ = {isa = PBXBuildFile; fileRef = 298622771E85B54F004FBA4D /* GamesViewController.swift */; };
		2986227A1E85B563004FBA4D /* AddGameViewController.swift in Sources */ = {isa = PBXBuildFile; fileRef = 298622791E85B563004FBA4D /* AddGameViewController.swift */; };
		2986227C1E85B5AE004FBA4D /* GameCollectionViewCell.swift in Sources */ = {isa = PBXBuildFile; fileRef = 2986227B1E85B5AE004FBA4D /* GameCollectionViewCell.swift */; };
/* End PBXBuildFile section */

/* Begin PBXFileReference section */
		2986225F1E85AC80004FBA4D /* queRule.app */ = {isa = PBXFileReference; explicitFileType = wrapper.application; includeInIndex = 0; path = queRule.app; sourceTree = BUILT_PRODUCTS_DIR; };
		298622621E85AC80004FBA4D /* AppDelegate.swift */ = {isa = PBXFileReference; lastKnownFileType = sourcecode.swift; path = AppDelegate.swift; sourceTree = "<group>"; };
		298622671E85AC80004FBA4D /* Base */ = {isa = PBXFileReference; lastKnownFileType = file.storyboard; name = Base; path = Base.lproj/Main.storyboard; sourceTree = "<group>"; };
		2986226A1E85AC80004FBA4D /* queRule.xcdatamodel */ = {isa = PBXFileReference; lastKnownFileType = wrapper.xcdatamodel; path = queRule.xcdatamodel; sourceTree = "<group>"; };
		2986226C1E85AC80004FBA4D /* Assets.xcassets */ = {isa = PBXFileReference; lastKnownFileType = folder.assetcatalog; path = Assets.xcassets; sourceTree = "<group>"; };
		2986226F1E85AC80004FBA4D /* Base */ = {isa = PBXFileReference; lastKnownFileType = file.storyboard; name = Base; path = Base.lproj/LaunchScreen.storyboard; sourceTree = "<group>"; };
		298622711E85AC80004FBA4D /* Info.plist */ = {isa = PBXFileReference; lastKnownFileType = text.plist.xml; path = Info.plist; sourceTree = "<group>"; };
		298622771E85B54F004FBA4D /* GamesViewController.swift */ = {isa = PBXFileReference; fileEncoding = 4; lastKnownFileType = sourcecode.swift; path = GamesViewController.swift; sourceTree = "<group>"; };
		298622791E85B563004FBA4D /* AddGameViewController.swift */ = {isa = PBXFileReference; fileEncoding = 4; lastKnownFileType = sourcecode.swift; path = AddGameViewController.swift; sourceTree = "<group>"; };
		2986227B1E85B5AE004FBA4D /* GameCollectionViewCell.swift */ = {isa = PBXFileReference; fileEncoding = 4; lastKnownFileType = sourcecode.swift; path = GameCollectionViewCell.swift; sourceTree = "<group>"; };
/* End PBXFileReference section */

/* Begin PBXFrameworksBuildPhase section */
		2986225C1E85AC80004FBA4D /* Frameworks */ = {
			isa = PBXFrameworksBuildPhase;
			buildActionMask = 2147483647;
			files = (
			);
			runOnlyForDeploymentPostprocessing = 0;
		};
/* End PBXFrameworksBuildPhase section */

/* Begin PBXGroup section */
		298622561E85AC80004FBA4D = {
			isa = PBXGroup;
			children = (
				298622611E85AC80004FBA4D /* queRule */,
				298622601E85AC80004FBA4D /* Products */,
			);
			sourceTree = "<group>";
		};
		298622601E85AC80004FBA4D /* Products */ = {
			isa = PBXGroup;
			children = (
				2986225F1E85AC80004FBA4D /* queRule.app */,
			);
			name = Products;
			sourceTree = "<group>";
		};
		298622611E85AC80004FBA4D /* queRule */ = {
			isa = PBXGroup;
			children = (
				298622621E85AC80004FBA4D /* AppDelegate.swift */,
				298622661E85AC80004FBA4D /* Main.storyboard */,
				2986226C1E85AC80004FBA4D /* Assets.xcassets */,
				2986226E1E85AC80004FBA4D /* LaunchScreen.storyboard */,
				298622711E85AC80004FBA4D /* Info.plist */,
				298622691E85AC80004FBA4D /* queRule.xcdatamodeld */,
				298622771E85B54F004FBA4D /* GamesViewController.swift */,
				298622791E85B563004FBA4D /* AddGameViewController.swift */,
				2986227B1E85B5AE004FBA4D /* GameCollectionViewCell.swift */,
			);
			path = queRule;
			sourceTree = "<group>";
		};
/* End PBXGroup section */

/* Begin PBXNativeTarget section */
		2986225E1E85AC80004FBA4D /* queRule */ = {
			isa = PBXNativeTarget;
			buildConfigurationList = 298622741E85AC80004FBA4D /* Build configuration list for PBXNativeTarget "queRule" */;
			buildPhases = (
				2986225B1E85AC80004FBA4D /* Sources */,
				2986225C1E85AC80004FBA4D /* Frameworks */,
				2986225D1E85AC80004FBA4D /* Resources */,
			);
			buildRules = (
			);
			dependencies = (
			);
			name = queRule;
			productName = queRule;
			productReference = 2986225F1E85AC80004FBA4D /* queRule.app */;
			productType = "com.apple.product-type.application";
		};
/* End PBXNativeTarget section */

/* Begin PBXProject section */
		298622571E85AC80004FBA4D /* Project object */ = {
			isa = PBXProject;
			attributes = {
				LastSwiftUpdateCheck = 0820;
				LastUpgradeCheck = 0820;
				ORGANIZATIONNAME = "Rafael Navarro";
				TargetAttributes = {
					2986225E1E85AC80004FBA4D = {
						CreatedOnToolsVersion = 8.2.1;
						DevelopmentTeam = VGW29G74QP;
						ProvisioningStyle = Automatic;
					};
				};
			};
			buildConfigurationList = 2986225A1E85AC80004FBA4D /* Build configuration list for PBXProject "queRule" */;
			compatibilityVersion = "Xcode 3.2";
			developmentRegion = English;
			hasScannedForEncodings = 0;
			knownRegions = (
				en,
				Base,
			);
			mainGroup = 298622561E85AC80004FBA4D;
			productRefGroup = 298622601E85AC80004FBA4D /* Products */;
			projectDirPath = "";
			projectRoot = "";
			targets = (
				2986225E1E85AC80004FBA4D /* queRule */,
			);
		};
/* End PBXProject section */

/* Begin PBXResourcesBuildPhase section */
		2986225D1E85AC80004FBA4D /* Resources */ = {
			isa = PBXResourcesBuildPhase;
			buildActionMask = 2147483647;
			files = (
				298622701E85AC80004FBA4D /* LaunchScreen.storyboard in Resources */,
				2986226D1E85AC80004FBA4D /* Assets.xcassets in Resources */,
				298622681E85AC80004FBA4D /* Main.storyboard in Resources */,
			);
			runOnlyForDeploymentPostprocessing = 0;
		};
/* End PBXResourcesBuildPhase section */

/* Begin PBXSourcesBuildPhase section */
		2986225B1E85AC80004FBA4D /* Sources */ = {
			isa = PBXSourcesBuildPhase;
			buildActionMask = 2147483647;
			files = (
				2986227A1E85B563004FBA4D /* AddGameViewController.swift in Sources */,
				2986227C1E85B5AE004FBA4D /* GameCollectionViewCell.swift in Sources */,
				2986226B1E85AC80004FBA4D /* queRule.xcdatamodeld in Sources */,
				298622781E85B54F004FBA4D /* GamesViewController.swift in Sources */,
				298622631E85AC80004FBA4D /* AppDelegate.swift in Sources */,
			);
			runOnlyForDeploymentPostprocessing = 0;
		};
/* End PBXSourcesBuildPhase section */

/* Begin PBXVariantGroup section */
		298622661E85AC80004FBA4D /* Main.storyboard */ = {
			isa = PBXVariantGroup;
			children = (
				298622671E85AC80004FBA4D /* Base */,
			);
			name = Main.storyboard;
			sourceTree = "<group>";
		};
		2986226E1E85AC80004FBA4D /* LaunchScreen.storyboard */ = {
			isa = PBXVariantGroup;
			children = (
				2986226F1E85AC80004FBA4D /* Base */,
			);
			name = LaunchScreen.storyboard;
			sourceTree = "<group>";
		};
/* End PBXVariantGroup section */

/* Begin XCBuildConfiguration section */
		298622721E85AC80004FBA4D /* Debug */ = {
			isa = XCBuildConfiguration;
			buildSettings = {
				ALWAYS_SEARCH_USER_PATHS = NO;
				CLANG_ANALYZER_NONNULL = YES;
				CLANG_CXX_LANGUAGE_STANDARD = "gnu++0x";
				CLANG_CXX_LIBRARY = "libc++";
				CLANG_ENABLE_MODULES = YES;
				CLANG_ENABLE_OBJC_ARC = YES;
				CLANG_WARN_BOOL_CONVERSION = YES;
				CLANG_WARN_CONSTANT_CONVERSION = YES;
				CLANG_WARN_DIRECT_OBJC_ISA_USAGE = YES_ERROR;
				CLANG_WARN_DOCUMENTATION_COMMENTS = YES;
				CLANG_WARN_EMPTY_BODY = YES;
				CLANG_WARN_ENUM_CONVERSION = YES;
				CLANG_WARN_INFINITE_RECURSION = YES;
				CLANG_WARN_INT_CONVERSION = YES;
				CLANG_WARN_OBJC_ROOT_CLASS = YES_ERROR;
				CLANG_WARN_SUSPICIOUS_MOVE = YES;
				CLANG_WARN_UNREACHABLE_CODE = YES;
				CLANG_WARN__DUPLICATE_METHOD_MATCH = YES;
				"CODE_SIGN_IDENTITY[sdk=iphoneos*]" = "iPhone Developer";
				COPY_PHASE_STRIP = NO;
				DEBUG_INFORMATION_FORMAT = dwarf;
				ENABLE_STRICT_OBJC_MSGSEND = YES;
				ENABLE_TESTABILITY = YES;
				GCC_C_LANGUAGE_STANDARD = gnu99;
				GCC_DYNAMIC_NO_PIC = NO;
				GCC_NO_COMMON_BLOCKS = YES;
				GCC_OPTIMIZATION_LEVEL = 0;
				GCC_PREPROCESSOR_DEFINITIONS = (
					"DEBUG=1",
					"$(inherited)",
				);
				GCC_WARN_64_TO_32_BIT_CONVERSION = YES;
				GCC_WARN_ABOUT_RETURN_TYPE = YES_ERROR;
				GCC_WARN_UNDECLARED_SELECTOR = YES;
				GCC_WARN_UNINITIALIZED_AUTOS = YES_AGGRESSIVE;
				GCC_WARN_UNUSED_FUNCTION = YES;
				GCC_WARN_UNUSED_VARIABLE = YES;
				IPHONEOS_DEPLOYMENT_TARGET = 10.2;
				MTL_ENABLE_DEBUG_INFO = YES;
				ONLY_ACTIVE_ARCH = YES;
				SDKROOT = iphoneos;
				SWIFT_ACTIVE_COMPILATION_CONDITIONS = DEBUG;
				SWIFT_OPTIMIZATION_LEVEL = "-Onone";
			};
			name = Debug;
		};
		298622731E85AC80004FBA4D /* Release */ = {
			isa = XCBuildConfiguration;
			buildSettings = {
				ALWAYS_SEARCH_USER_PATHS = NO;
				CLANG_ANALYZER_NONNULL = YES;
				CLANG_CXX_LANGUAGE_STANDARD = "gnu++0x";
				CLANG_CXX_LIBRARY = "libc++";
				CLANG_ENABLE_MODULES = YES;
				CLANG_ENABLE_OBJC_ARC = YES;
				CLANG_WARN_BOOL_CONVERSION = YES;
				CLANG_WARN_CONSTANT_CONVERSION = YES;
				CLANG_WARN_DIRECT_OBJC_ISA_USAGE = YES_ERROR;
				CLANG_WARN_DOCUMENTATION_COMMENTS = YES;
				CLANG_WARN_EMPTY_BODY = YES;
				CLANG_WARN_ENUM_CONVERSION = YES;
				CLANG_WARN_INFINITE_RECURSION = YES;
				CLANG_WARN_INT_CONVERSION = YES;
				CLANG_WARN_OBJC_ROOT_CLASS = YES_ERROR;
				CLANG_WARN_SUSPICIOUS_MOVE = YES;
				CLANG_WARN_UNREACHABLE_CODE = YES;
				CLANG_WARN__DUPLICATE_METHOD_MATCH = YES;
				"CODE_SIGN_IDENTITY[sdk=iphoneos*]" = "iPhone Developer";
				COPY_PHASE_STRIP = NO;
				DEBUG_INFORMATION_FORMAT = "dwarf-with-dsym";
				ENABLE_NS_ASSERTIONS = NO;
				ENABLE_STRICT_OBJC_MSGSEND = YES;
				GCC_C_LANGUAGE_STANDARD = gnu99;
				GCC_NO_COMMON_BLOCKS = YES;
				GCC_WARN_64_TO_32_BIT_CONVERSION = YES;
				GCC_WARN_ABOUT_RETURN_TYPE = YES_ERROR;
				GCC_WARN_UNDECLARED_SELECTOR = YES;
				GCC_WARN_UNINITIALIZED_AUTOS = YES_AGGRESSIVE;
				GCC_WARN_UNUSED_FUNCTION = YES;
				GCC_WARN_UNUSED_VARIABLE = YES;
				IPHONEOS_DEPLOYMENT_TARGET = 10.2;
				MTL_ENABLE_DEBUG_INFO = NO;
				SDKROOT = iphoneos;
				SWIFT_OPTIMIZATION_LEVEL = "-Owholemodule";
				VALIDATE_PRODUCT = YES;
			};
			name = Release;
		};
		298622751E85AC80004FBA4D /* Debug */ = {
			isa = XCBuildConfiguration;
			buildSettings = {
				ASSETCATALOG_COMPILER_APPICON_NAME = AppIcon;
				DEVELOPMENT_TEAM = VGW29G74QP;
				INFOPLIST_FILE = queRule/Info.plist;
				LD_RUNPATH_SEARCH_PATHS = "$(inherited) @executable_path/Frameworks";
				PRODUCT_BUNDLE_IDENTIFIER = com.rafaelnavarro.queRule;
				PRODUCT_NAME = "$(TARGET_NAME)";
				SWIFT_VERSION = 3.0;
			};
			name = Debug;
		};
		298622761E85AC80004FBA4D /* Release */ = {
			isa = XCBuildConfiguration;
			buildSettings = {
				ASSETCATALOG_COMPILER_APPICON_NAME = AppIcon;
				DEVELOPMENT_TEAM = VGW29G74QP;
				INFOPLIST_FILE = queRule/Info.plist;
				LD_RUNPATH_SEARCH_PATHS = "$(inherited) @executable_path/Frameworks";
				PRODUCT_BUNDLE_IDENTIFIER = com.rafaelnavarro.queRule;
				PRODUCT_NAME = "$(TARGET_NAME)";
				SWIFT_VERSION = 3.0;
			};
			name = Release;
		};
/* End XCBuildConfiguration section */

/* Begin XCConfigurationList section */
		2986225A1E85AC80004FBA4D /* Build configuration list for PBXProject "queRule" */ = {
			isa = XCConfigurationList;
			buildConfigurations = (
				298622721E85AC80004FBA4D /* Debug */,
				298622731E85AC80004FBA4D /* Release */,
			);
			defaultConfigurationIsVisible = 0;
			defaultConfigurationName = Release;
		};
		298622741E85AC80004FBA4D /* Build configuration list for PBXNativeTarget "queRule" */ = {
			isa = XCConfigurationList;
			buildConfigurations = (
				298622751E85AC80004FBA4D /* Debug */,
				298622761E85AC80004FBA4D /* Release */,
			);
			defaultConfigurationIsVisible = 0;
			defaultConfigurationName = Release;
		};
/* End XCConfigurationList section */

/* Begin XCVersionGroup section */
		298622691E85AC80004FBA4D /* queRule.xcdatamodeld */ = {
			isa = XCVersionGroup;
			children = (
				2986226A1E85AC80004FBA4D /* queRule.xcdatamodel */,
			);
			currentVersion = 2986226A1E85AC80004FBA4D /* queRule.xcdatamodel */;
			path = queRule.xcdatamodeld;
			sourceTree = "<group>";
			versionGroupType = wrapper.xcdatamodel;
		};
/* End XCVersionGroup section */
	};
	rootObject = 298622571E85AC80004FBA4D /* Project object */;
}
